
Microsoft Visual Studio Solution File, Format Version 11.00
# Visual Studio 2010
# SharpDevelop 5.1
Project("{FAE04EC0-301F-11D3-BF4B-00C04F79EFBC}") = "praktikum-module-4", "praktikum-module-4\praktikum-module-4.csproj", "{BFB35978-7BDA-4810-932D-9EFCE3AE1AC1}"
EndProject
Global
	GlobalSection(SolutionConfigurationPlatforms) = preSolution
		Debug|Any CPU = Debug|Any CPU
		Release|Any CPU = Release|Any CPU
	EndGlobalSection
	GlobalSection(ProjectConfigurationPlatforms) = postSolution
		{BFB35978-7BDA-4810-932D-9EFCE3AE1AC1}.Debug|Any CPU.ActiveCfg = Debug|Any CPU
		{BFB35978-7BDA-4810-932D-9EFCE3AE1AC1}.Debug|Any CPU.Build.0 = Debug|Any CPU
		{BFB35978-7BDA-4810-932D-9EFCE3AE1AC1}.Release|Any CPU.ActiveCfg = Release|Any CPU
		{BFB35978-7BDA-4810-932D-9EFCE3AE1AC1}.Release|Any CPU.Build.0 = Release|Any CPU
	EndGlobalSection
EndGlobal
